
Microsoft Visual Studio Solution File, Format Version 11.00
# Visual Studio 2010
Project("{FAE04EC0-301F-11D3-BF4B-00C04F79EFBC}") = "NewsPublish", "NewsPublish\NewsPublish.csproj", "{7C250887-9C63-4A14-BBF7-8EDC229B08DA}"
EndProject
Global
	GlobalSection(TestCaseManagementSettings) = postSolution
		CategoryFile = NewsPublish.vsmdi
	EndGlobalSection
	GlobalSection(SolutionConfigurationPlatforms) = preSolution
		Debug|Any CPU = Debug|Any CPU
		Release|Any CPU = Release|Any CPU
	EndGlobalSection
	GlobalSection(ProjectConfigurationPlatforms) = postSolution
		{7C250887-9C63-4A14-BBF7-8EDC229B08DA}.Debug|Any CPU.ActiveCfg = Debug|Any CPU
		{7C250887-9C63-4A14-BBF7-8EDC229B08DA}.Debug|Any CPU.Build.0 = Debug|Any CPU
		{7C250887-9C63-4A14-BBF7-8EDC229B08DA}.Release|Any CPU.ActiveCfg = Release|Any CPU
		{7C250887-9C63-4A14-BBF7-8EDC229B08DA}.Release|Any CPU.Build.0 = Release|Any CPU
	EndGlobalSection
	GlobalSection(SolutionProperties) = preSolution
		HideSolutionNode = FALSE
	EndGlobalSection
EndGlobal
